
Microsoft Visual Studio Solution File, Format Version 12.00
# Visual Studio 15
VisualStudioVersion = 15.0.27703.2047
MinimumVisualStudioVersion = 10.0.40219.1
Project("{E24C65DC-7377-472B-9ABA-BC803B73C61A}") = "autobuild", "http://localhost:27517", "{EF628C94-9EF4-4DFE-8977-3CAE565CA8B1}"
	ProjectSection(WebsiteProperties) = preProject
		UseIISExpress = "true"
		TargetFrameworkMoniker = ".NETFramework,Version%3Dv4.6.1"
		Debug.AspNetCompiler.VirtualPath = "/localhost_27517"
		Debug.AspNetCompiler.PhysicalPath = "..\autobuild\"
		Debug.AspNetCompiler.TargetPath = "PrecompiledWeb\localhost_27517\"
		Debug.AspNetCompiler.Updateable = "true"
		Debug.AspNetCompiler.ForceOverwrite = "true"
		Debug.AspNetCompiler.FixedNames = "false"
		Debug.AspNetCompiler.Debug = "True"
		Release.AspNetCompiler.VirtualPath = "/localhost_27517"
		Release.AspNetCompiler.PhysicalPath = "..\autobuild\"
		Release.AspNetCompiler.TargetPath = "PrecompiledWeb\localhost_27517\"
		Release.AspNetCompiler.Updateable = "true"
		Release.AspNetCompiler.ForceOverwrite = "true"
		Release.AspNetCompiler.FixedNames = "false"
		Release.AspNetCompiler.Debug = "False"
		SlnRelativePath = "..\autobuild\"
	EndProjectSection
EndProject
Global
	GlobalSection(SolutionConfigurationPlatforms) = preSolution
		Debug|Any CPU = Debug|Any CPU
	EndGlobalSection
	GlobalSection(ProjectConfigurationPlatforms) = postSolution
		{EF628C94-9EF4-4DFE-8977-3CAE565CA8B1}.Debug|Any CPU.ActiveCfg = Debug|Any CPU
		{EF628C94-9EF4-4DFE-8977-3CAE565CA8B1}.Debug|Any CPU.Build.0 = Debug|Any CPU
	EndGlobalSection
	GlobalSection(SolutionProperties) = preSolution
		HideSolutionNode = FALSE
	EndGlobalSection
	GlobalSection(ExtensibilityGlobals) = postSolution
		SolutionGuid = {1A5417AE-C945-4D64-A00D-DE1D2D450680}
	EndGlobalSection
EndGlobal
